
Microsoft Visual Studio Solution File, Format Version 12.00
# Visual Studio 14
VisualStudioVersion = 14.0.25420.1
MinimumVisualStudioVersion = 10.0.40219.1
Project("{8BC9CEB8-8B4A-11D0-8D11-00A0C91BC942}") = "WinAppleKey", "WinAppleKey\WinAppleKey.vcxproj", "{66B51E72-5BBA-4FF2-85C5-3F923B98C156}"
EndProject
Project("{930C7802-8A8C-48F9-8165-68863BCCD9DD}") = "Setup", "Setup\Setup.wixproj", "{1EC4555E-AEB5-4615-84F4-3604734337F0}"
	ProjectSection(ProjectDependencies) = postProject
		{66B51E72-5BBA-4FF2-85C5-3F923B98C156} = {66B51E72-5BBA-4FF2-85C5-3F923B98C156}
	EndProjectSection
EndProject
Global
	GlobalSection(SolutionConfigurationPlatforms) = preSolution
		Debug|x64 = Debug|x64
		Release|x64 = Release|x64
	EndGlobalSection
	GlobalSection(ProjectConfigurationPlatforms) = postSolution
		{66B51E72-5BBA-4FF2-85C5-3F923B98C156}.Debug|x64.ActiveCfg = Release|x64
		{66B51E72-5BBA-4FF2-85C5-3F923B98C156}.Debug|x64.Build.0 = Release|x64
		{66B51E72-5BBA-4FF2-85C5-3F923B98C156}.Debug|x64.Deploy.0 = Release|x64
		{66B51E72-5BBA-4FF2-85C5-3F923B98C156}.Release|x64.ActiveCfg = Release|x64
		{66B51E72-5BBA-4FF2-85C5-3F923B98C156}.Release|x64.Build.0 = Release|x64
		{66B51E72-5BBA-4FF2-85C5-3F923B98C156}.Release|x64.Deploy.0 = Release|x64
		{1EC4555E-AEB5-4615-84F4-3604734337F0}.Debug|x64.ActiveCfg = Release|x64
		{1EC4555E-AEB5-4615-84F4-3604734337F0}.Release|x64.ActiveCfg = Release|x64
	EndGlobalSection
	GlobalSection(SolutionProperties) = preSolution
		HideSolutionNode = FALSE
	EndGlobalSection
EndGlobal
